// !$*UTF8*$!
{
	archiveVersion = 1;
	classes = {
	};
	objectVersion = 56;
	objects = {

/* Begin PBXBuildFile section */
		DC23759429E07BD7004423E9 /* Place.swift in Sources */ = {isa = PBXBuildFile; fileRef = DC23759329E07BD7004423E9 /* Place.swift */; };
		DC23759729E07C09004423E9 /* LocationManager.swift in Sources */ = {isa = PBXBuildFile; fileRef = DC23759529E07C09004423E9 /* LocationManager.swift */; };
		DC23759829E07C09004423E9 /* PlaceViewModel.swift in Sources */ = {isa = PBXBuildFile; fileRef = DC23759629E07C09004423E9 /* PlaceViewModel.swift */; };
		DC23759A29E07D05004423E9 /* PlaceLookupView.swift in Sources */ = {isa = PBXBuildFile; fileRef = DC23759929E07D05004423E9 /* PlaceLookupView.swift */; };
		DC23759C29E07DBD004423E9 /* EventDetailView.swift in Sources */ = {isa = PBXBuildFile; fileRef = DC23759B29E07DBD004423E9 /* EventDetailView.swift */; };
		DC23759E29E09468004423E9 /* EventViewModel.swift in Sources */ = {isa = PBXBuildFile; fileRef = DC23759D29E09468004423E9 /* EventViewModel.swift */; };
		DC2461F929E1A50C0084209C /* ScheduleView.swift in Sources */ = {isa = PBXBuildFile; fileRef = DC2461F829E1A50B0084209C /* ScheduleView.swift */; };
		DC2461FB29E2F6DA0084209C /* SabbathView.swift in Sources */ = {isa = PBXBuildFile; fileRef = DC2461FA29E2F6DA0084209C /* SabbathView.swift */; };
		DC2461FD29E363D30084209C /* AffirmationsViewModel.swift in Sources */ = {isa = PBXBuildFile; fileRef = DC2461FC29E363D30084209C /* AffirmationsViewModel.swift */; };
		DC4E02D129DCD52C005A0343 /* LoginView.swift in Sources */ = {isa = PBXBuildFile; fileRef = DC4E02D029DCD52C005A0343 /* LoginView.swift */; };
		DC5029F129DC9EDB00A2E762 /* SabbathApp.swift in Sources */ = {isa = PBXBuildFile; fileRef = DC5029F029DC9EDB00A2E762 /* SabbathApp.swift */; };
		DC5029F329DC9EDB00A2E762 /* ContentView.swift in Sources */ = {isa = PBXBuildFile; fileRef = DC5029F229DC9EDB00A2E762 /* ContentView.swift */; };
		DC5029F529DC9EE400A2E762 /* Assets.xcassets in Resources */ = {isa = PBXBuildFile; fileRef = DC5029F429DC9EE400A2E762 /* Assets.xcassets */; };
		DC5029F829DC9EE400A2E762 /* Preview Assets.xcassets in Resources */ = {isa = PBXBuildFile; fileRef = DC5029F729DC9EE400A2E762 /* Preview Assets.xcassets */; };
		DC5029FF29DCA01D00A2E762 /* GoogleService-Info.plist in Resources */ = {isa = PBXBuildFile; fileRef = DC5029FE29DCA01D00A2E762 /* GoogleService-Info.plist */; };
		DC502A0229DCA09A00A2E762 /* FirebaseAuth in Frameworks */ = {isa = PBXBuildFile; productRef = DC502A0129DCA09A00A2E762 /* FirebaseAuth */; };
		DC502A0429DCA09A00A2E762 /* FirebaseFirestore in Frameworks */ = {isa = PBXBuildFile; productRef = DC502A0329DCA09A00A2E762 /* FirebaseFirestore */; };
		DC502A0629DCA09A00A2E762 /* FirebaseFirestoreSwift in Frameworks */ = {isa = PBXBuildFile; productRef = DC502A0529DCA09A00A2E762 /* FirebaseFirestoreSwift */; };
		DC502A0829DCA09A00A2E762 /* FirebaseStorage in Frameworks */ = {isa = PBXBuildFile; productRef = DC502A0729DCA09A00A2E762 /* FirebaseStorage */; };
		DC502A0C29DCA47100A2E762 /* Event.swift in Sources */ = {isa = PBXBuildFile; fileRef = DC502A0B29DCA47100A2E762 /* Event.swift */; };
		DC502A1029DCA4AA00A2E762 /* Reminder.swift in Sources */ = {isa = PBXBuildFile; fileRef = DC502A0F29DCA4AA00A2E762 /* Reminder.swift */; };
		DC502A1429DCB1AF00A2E762 /* CalendarMonthView.swift in Sources */ = {isa = PBXBuildFile; fileRef = DC502A1329DCB1AF00A2E762 /* CalendarMonthView.swift */; };
		DC9F717829DDACEF00C9607B /* CalendarTask.swift in Sources */ = {isa = PBXBuildFile; fileRef = DC9F717729DDACEF00C9607B /* CalendarTask.swift */; };
		DCC61E2529DD3E7D00978239 /* UserSetUpView.swift in Sources */ = {isa = PBXBuildFile; fileRef = DCC61E2429DD3E7D00978239 /* UserSetUpView.swift */; };
		DCC61E2729DD3EB100978239 /* User.swift in Sources */ = {isa = PBXBuildFile; fileRef = DCC61E2629DD3EB100978239 /* User.swift */; };
		DCC61E2929DD416200978239 /* UserViewModel.swift in Sources */ = {isa = PBXBuildFile; fileRef = DCC61E2829DD416200978239 /* UserViewModel.swift */; };
/* End PBXBuildFile section */

/* Begin PBXFileReference section */
		DC23759329E07BD7004423E9 /* Place.swift */ = {isa = PBXFileReference; fileEncoding = 4; lastKnownFileType = sourcecode.swift; path = Place.swift; sourceTree = "<group>"; };
		DC23759529E07C09004423E9 /* LocationManager.swift */ = {isa = PBXFileReference; fileEncoding = 4; lastKnownFileType = sourcecode.swift; path = LocationManager.swift; sourceTree = "<group>"; };
		DC23759629E07C09004423E9 /* PlaceViewModel.swift */ = {isa = PBXFileReference; fileEncoding = 4; lastKnownFileType = sourcecode.swift; path = PlaceViewModel.swift; sourceTree = "<group>"; };
		DC23759929E07D05004423E9 /* PlaceLookupView.swift */ = {isa = PBXFileReference; fileEncoding = 4; lastKnownFileType = sourcecode.swift; path = PlaceLookupView.swift; sourceTree = "<group>"; };
		DC23759B29E07DBD004423E9 /* EventDetailView.swift */ = {isa = PBXFileReference; lastKnownFileType = sourcecode.swift; path = EventDetailView.swift; sourceTree = "<group>"; };
		DC23759D29E09468004423E9 /* EventViewModel.swift */ = {isa = PBXFileReference; lastKnownFileType = sourcecode.swift; path = EventViewModel.swift; sourceTree = "<group>"; };
		DC2461F829E1A50B0084209C /* ScheduleView.swift */ = {isa = PBXFileReference; lastKnownFileType = sourcecode.swift; path = ScheduleView.swift; sourceTree = "<group>"; };
		DC2461FA29E2F6DA0084209C /* SabbathView.swift */ = {isa = PBXFileReference; lastKnownFileType = sourcecode.swift; path = SabbathView.swift; sourceTree = "<group>"; };
		DC2461FC29E363D30084209C /* AffirmationsViewModel.swift */ = {isa = PBXFileReference; lastKnownFileType = sourcecode.swift; path = AffirmationsViewModel.swift; sourceTree = "<group>"; };
		DC4E02D029DCD52C005A0343 /* LoginView.swift */ = {isa = PBXFileReference; lastKnownFileType = sourcecode.swift; path = LoginView.swift; sourceTree = "<group>"; };
		DC4E02D429DCDCFA005A0343 /* Info.plist */ = {isa = PBXFileReference; lastKnownFileType = text.plist; path = Info.plist; sourceTree = "<group>"; };
		DC5029ED29DC9EDB00A2E762 /* Sabbath.app */ = {isa = PBXFileReference; explicitFileType = wrapper.application; includeInIndex = 0; path = Sabbath.app; sourceTree = BUILT_PRODUCTS_DIR; };
		DC5029F029DC9EDB00A2E762 /* SabbathApp.swift */ = {isa = PBXFileReference; lastKnownFileType = sourcecode.swift; path = SabbathApp.swift; sourceTree = "<group>"; };
		DC5029F229DC9EDB00A2E762 /* ContentView.swift */ = {isa = PBXFileReference; lastKnownFileType = sourcecode.swift; path = ContentView.swift; sourceTree = "<group>"; };
		DC5029F429DC9EE400A2E762 /* Assets.xcassets */ = {isa = PBXFileReference; lastKnownFileType = folder.assetcatalog; path = Assets.xcassets; sourceTree = "<group>"; };
		DC5029F729DC9EE400A2E762 /* Preview Assets.xcassets */ = {isa = PBXFileReference; lastKnownFileType = folder.assetcatalog; path = "Preview Assets.xcassets"; sourceTree = "<group>"; };
		DC5029FE29DCA01D00A2E762 /* GoogleService-Info.plist */ = {isa = PBXFileReference; fileEncoding = 4; lastKnownFileType = text.plist.xml; path = "GoogleService-Info.plist"; sourceTree = "<group>"; };
		DC502A0B29DCA47100A2E762 /* Event.swift */ = {isa = PBXFileReference; lastKnownFileType = sourcecode.swift; path = Event.swift; sourceTree = "<group>"; };
		DC502A0F29DCA4AA00A2E762 /* Reminder.swift */ = {isa = PBXFileReference; lastKnownFileType = sourcecode.swift; path = Reminder.swift; sourceTree = "<group>"; };
		DC502A1329DCB1AF00A2E762 /* CalendarMonthView.swift */ = {isa = PBXFileReference; lastKnownFileType = sourcecode.swift; path = CalendarMonthView.swift; sourceTree = "<group>"; };
		DC9F717729DDACEF00C9607B /* CalendarTask.swift */ = {isa = PBXFileReference; lastKnownFileType = sourcecode.swift; path = CalendarTask.swift; sourceTree = "<group>"; };
		DCC61E2429DD3E7D00978239 /* UserSetUpView.swift */ = {isa = PBXFileReference; lastKnownFileType = sourcecode.swift; path = UserSetUpView.swift; sourceTree = "<group>"; };
		DCC61E2629DD3EB100978239 /* User.swift */ = {isa = PBXFileReference; lastKnownFileType = sourcecode.swift; path = User.swift; sourceTree = "<group>"; };
		DCC61E2829DD416200978239 /* UserViewModel.swift */ = {isa = PBXFileReference; lastKnownFileType = sourcecode.swift; path = UserViewModel.swift; sourceTree = "<group>"; };
/* End PBXFileReference section */

/* Begin PBXFrameworksBuildPhase section */
		DC5029EA29DC9EDB00A2E762 /* Frameworks */ = {
			isa = PBXFrameworksBuildPhase;
			buildActionMask = 2147483647;
			files = (
				DC502A0229DCA09A00A2E762 /* FirebaseAuth in Frameworks */,
				DC502A0829DCA09A00A2E762 /* FirebaseStorage in Frameworks */,
				DC502A0429DCA09A00A2E762 /* FirebaseFirestore in Frameworks */,
				DC502A0629DCA09A00A2E762 /* FirebaseFirestoreSwift in Frameworks */,
			);
			runOnlyForDeploymentPostprocessing = 0;
		};
/* End PBXFrameworksBuildPhase section */

/* Begin PBXGroup section */
		DC5029E429DC9EDB00A2E762 = {
			isa = PBXGroup;
			children = (
				DC5029EF29DC9EDB00A2E762 /* Sabbath */,
				DC5029EE29DC9EDB00A2E762 /* Products */,
			);
			sourceTree = "<group>";
		};
		DC5029EE29DC9EDB00A2E762 /* Products */ = {
			isa = PBXGroup;
			children = (
				DC5029ED29DC9EDB00A2E762 /* Sabbath.app */,
			);
			name = Products;
			sourceTree = "<group>";
		};
		DC5029EF29DC9EDB00A2E762 /* Sabbath */ = {
			isa = PBXGroup;
			children = (
				DC4E02D429DCDCFA005A0343 /* Info.plist */,
				DC5029F029DC9EDB00A2E762 /* SabbathApp.swift */,
				DC9F717429DDAC5700C9607B /* Models */,
				DC9F717629DDACB800C9607B /* ViewModels */,
				DC9F717529DDACAC00C9607B /* Views */,
				DC5029F429DC9EE400A2E762 /* Assets.xcassets */,
				DC5029FE29DCA01D00A2E762 /* GoogleService-Info.plist */,
				DC5029F629DC9EE400A2E762 /* Preview Content */,
			);
			path = Sabbath;
			sourceTree = "<group>";
		};
		DC5029F629DC9EE400A2E762 /* Preview Content */ = {
			isa = PBXGroup;
			children = (
				DC5029F729DC9EE400A2E762 /* Preview Assets.xcassets */,
			);
			path = "Preview Content";
			sourceTree = "<group>";
		};
		DC9F717429DDAC5700C9607B /* Models */ = {
			isa = PBXGroup;
			children = (
				DC23759329E07BD7004423E9 /* Place.swift */,
				DCC61E2629DD3EB100978239 /* User.swift */,
				DC502A0B29DCA47100A2E762 /* Event.swift */,
				DC502A0F29DCA4AA00A2E762 /* Reminder.swift */,
				DC9F717729DDACEF00C9607B /* CalendarTask.swift */,
			);
			path = Models;
			sourceTree = "<group>";
		};
		DC9F717529DDACAC00C9607B /* Views */ = {
			isa = PBXGroup;
			children = (
				DC4E02D029DCD52C005A0343 /* LoginView.swift */,
				DCC61E2429DD3E7D00978239 /* UserSetUpView.swift */,
				DC5029F229DC9EDB00A2E762 /* ContentView.swift */,
				DC502A1329DCB1AF00A2E762 /* CalendarMonthView.swift */,
				DC2461F829E1A50B0084209C /* ScheduleView.swift */,
				DC2461FA29E2F6DA0084209C /* SabbathView.swift */,
				DC23759B29E07DBD004423E9 /* EventDetailView.swift */,
				DC23759929E07D05004423E9 /* PlaceLookupView.swift */,
			);
			path = Views;
			sourceTree = "<group>";
		};
		DC9F717629DDACB800C9607B /* ViewModels */ = {
			isa = PBXGroup;
			children = (
				DC23759529E07C09004423E9 /* LocationManager.swift */,
				DC23759629E07C09004423E9 /* PlaceViewModel.swift */,
				DCC61E2829DD416200978239 /* UserViewModel.swift */,
				DC23759D29E09468004423E9 /* EventViewModel.swift */,
				DC2461FC29E363D30084209C /* AffirmationsViewModel.swift */,
			);
			path = ViewModels;
			sourceTree = "<group>";
		};
/* End PBXGroup section */

/* Begin PBXNativeTarget section */
		DC5029EC29DC9EDB00A2E762 /* Sabbath */ = {
			isa = PBXNativeTarget;
			buildConfigurationList = DC5029FB29DC9EE400A2E762 /* Build configuration list for PBXNativeTarget "Sabbath" */;
			buildPhases = (
				DC5029E929DC9EDB00A2E762 /* Sources */,
				DC5029EA29DC9EDB00A2E762 /* Frameworks */,
				DC5029EB29DC9EDB00A2E762 /* Resources */,
			);
			buildRules = (
			);
			dependencies = (
			);
			name = Sabbath;
			packageProductDependencies = (
				DC502A0129DCA09A00A2E762 /* FirebaseAuth */,
				DC502A0329DCA09A00A2E762 /* FirebaseFirestore */,
				DC502A0529DCA09A00A2E762 /* FirebaseFirestoreSwift */,
				DC502A0729DCA09A00A2E762 /* FirebaseStorage */,
			);
			productName = Sabbath;
			productReference = DC5029ED29DC9EDB00A2E762 /* Sabbath.app */;
			productType = "com.apple.product-type.application";
		};
/* End PBXNativeTarget section */

/* Begin PBXProject section */
		DC5029E529DC9EDB00A2E762 /* Project object */ = {
			isa = PBXProject;
			attributes = {
				BuildIndependentTargetsInParallel = 1;
				LastSwiftUpdateCheck = 1420;
				LastUpgradeCheck = 1420;
				TargetAttributes = {
					DC5029EC29DC9EDB00A2E762 = {
						CreatedOnToolsVersion = 14.2;
					};
				};
			};
			buildConfigurationList = DC5029E829DC9EDB00A2E762 /* Build configuration list for PBXProject "Sabbath" */;
			compatibilityVersion = "Xcode 14.0";
			developmentRegion = en;
			hasScannedForEncodings = 0;
			knownRegions = (
				en,
				Base,
			);
			mainGroup = DC5029E429DC9EDB00A2E762;
			packageReferences = (
				DC502A0029DCA09900A2E762 /* XCRemoteSwiftPackageReference "firebase-ios-sdk" */,
			);
			productRefGroup = DC5029EE29DC9EDB00A2E762 /* Products */;
			projectDirPath = "";
			projectRoot = "";
			targets = (
				DC5029EC29DC9EDB00A2E762 /* Sabbath */,
			);
		};
/* End PBXProject section */

/* Begin PBXResourcesBuildPhase section */
		DC5029EB29DC9EDB00A2E762 /* Resources */ = {
			isa = PBXResourcesBuildPhase;
			buildActionMask = 2147483647;
			files = (
				DC5029F829DC9EE400A2E762 /* Preview Assets.xcassets in Resources */,
				DC5029F529DC9EE400A2E762 /* Assets.xcassets in Resources */,
				DC5029FF29DCA01D00A2E762 /* GoogleService-Info.plist in Resources */,
			);
			runOnlyForDeploymentPostprocessing = 0;
		};
/* End PBXResourcesBuildPhase section */

/* Begin PBXSourcesBuildPhase section */
		DC5029E929DC9EDB00A2E762 /* Sources */ = {
			isa = PBXSourcesBuildPhase;
			buildActionMask = 2147483647;
			files = (
				DC23759E29E09468004423E9 /* EventViewModel.swift in Sources */,
				DC23759829E07C09004423E9 /* PlaceViewModel.swift in Sources */,
				DC23759429E07BD7004423E9 /* Place.swift in Sources */,
				DC502A0C29DCA47100A2E762 /* Event.swift in Sources */,
				DCC61E2529DD3E7D00978239 /* UserSetUpView.swift in Sources */,
				DC23759C29E07DBD004423E9 /* EventDetailView.swift in Sources */,
				DC4E02D129DCD52C005A0343 /* LoginView.swift in Sources */,
				DCC61E2929DD416200978239 /* UserViewModel.swift in Sources */,
				DC2461FB29E2F6DA0084209C /* SabbathView.swift in Sources */,
				DC5029F329DC9EDB00A2E762 /* ContentView.swift in Sources */,
				DC2461FD29E363D30084209C /* AffirmationsViewModel.swift in Sources */,
				DCC61E2729DD3EB100978239 /* User.swift in Sources */,
				DC23759A29E07D05004423E9 /* PlaceLookupView.swift in Sources */,
				DC9F717829DDACEF00C9607B /* CalendarTask.swift in Sources */,
				DC23759729E07C09004423E9 /* LocationManager.swift in Sources */,
				DC502A1029DCA4AA00A2E762 /* Reminder.swift in Sources */,
				DC5029F129DC9EDB00A2E762 /* SabbathApp.swift in Sources */,
				DC502A1429DCB1AF00A2E762 /* CalendarMonthView.swift in Sources */,
				DC2461F929E1A50C0084209C /* ScheduleView.swift in Sources */,
			);
			runOnlyForDeploymentPostprocessing = 0;
		};
/* End PBXSourcesBuildPhase section */

/* Begin XCBuildConfiguration section */
		DC5029F929DC9EE400A2E762 /* Debug */ = {
			isa = XCBuildConfiguration;
			buildSettings = {
				ALWAYS_SEARCH_USER_PATHS = NO;
				CLANG_ANALYZER_NONNULL = YES;
				CLANG_ANALYZER_NUMBER_OBJECT_CONVERSION = YES_AGGRESSIVE;
				CLANG_CXX_LANGUAGE_STANDARD = "gnu++20";
				CLANG_ENABLE_MODULES = YES;
				CLANG_ENABLE_OBJC_ARC = YES;
				CLANG_ENABLE_OBJC_WEAK = YES;
				CLANG_WARN_BLOCK_CAPTURE_AUTORELEASING = YES;
				CLANG_WARN_BOOL_CONVERSION = YES;
				CLANG_WARN_COMMA = YES;
				CLANG_WARN_CONSTANT_CONVERSION = YES;
				CLANG_WARN_DEPRECATED_OBJC_IMPLEMENTATIONS = YES;
				CLANG_WARN_DIRECT_OBJC_ISA_USAGE = YES_ERROR;
				CLANG_WARN_DOCUMENTATION_COMMENTS = YES;
				CLANG_WARN_EMPTY_BODY = YES;
				CLANG_WARN_ENUM_CONVERSION = YES;
				CLANG_WARN_INFINITE_RECURSION = YES;
				CLANG_WARN_INT_CONVERSION = YES;
				CLANG_WARN_NON_LITERAL_NULL_CONVERSION = YES;
				CLANG_WARN_OBJC_IMPLICIT_RETAIN_SELF = YES;
				CLANG_WARN_OBJC_LITERAL_CONVERSION = YES;
				CLANG_WARN_OBJC_ROOT_CLASS = YES_ERROR;
				CLANG_WARN_QUOTED_INCLUDE_IN_FRAMEWORK_HEADER = YES;
				CLANG_WARN_RANGE_LOOP_ANALYSIS = YES;
				CLANG_WARN_STRICT_PROTOTYPES = YES;
				CLANG_WARN_SUSPICIOUS_MOVE = YES;
				CLANG_WARN_UNGUARDED_AVAILABILITY = YES_AGGRESSIVE;
				CLANG_WARN_UNREACHABLE_CODE = YES;
				CLANG_WARN__DUPLICATE_METHOD_MATCH = YES;
				COPY_PHASE_STRIP = NO;
				DEBUG_INFORMATION_FORMAT = dwarf;
				ENABLE_STRICT_OBJC_MSGSEND = YES;
				ENABLE_TESTABILITY = YES;
				GCC_C_LANGUAGE_STANDARD = gnu11;
				GCC_DYNAMIC_NO_PIC = NO;
				GCC_NO_COMMON_BLOCKS = YES;
				GCC_OPTIMIZATION_LEVEL = 0;
				GCC_PREPROCESSOR_DEFINITIONS = (
					"DEBUG=1",
					"$(inherited)",
				);
				GCC_WARN_64_TO_32_BIT_CONVERSION = YES;
				GCC_WARN_ABOUT_RETURN_TYPE = YES_ERROR;
				GCC_WARN_UNDECLARED_SELECTOR = YES;
				GCC_WARN_UNINITIALIZED_AUTOS = YES_AGGRESSIVE;
				GCC_WARN_UNUSED_FUNCTION = YES;
				GCC_WARN_UNUSED_VARIABLE = YES;
				IPHONEOS_DEPLOYMENT_TARGET = 16.2;
				MTL_ENABLE_DEBUG_INFO = INCLUDE_SOURCE;
				MTL_FAST_MATH = YES;
				ONLY_ACTIVE_ARCH = YES;
				SDKROOT = iphoneos;
				SWIFT_ACTIVE_COMPILATION_CONDITIONS = DEBUG;
				SWIFT_OPTIMIZATION_LEVEL = "-Onone";
			};
			name = Debug;
		};
		DC5029FA29DC9EE400A2E762 /* Release */ = {
			isa = XCBuildConfiguration;
			buildSettings = {
				ALWAYS_SEARCH_USER_PATHS = NO;
				CLANG_ANALYZER_NONNULL = YES;
				CLANG_ANALYZER_NUMBER_OBJECT_CONVERSION = YES_AGGRESSIVE;
				CLANG_CXX_LANGUAGE_STANDARD = "gnu++20";
				CLANG_ENABLE_MODULES = YES;
				CLANG_ENABLE_OBJC_ARC = YES;
				CLANG_ENABLE_OBJC_WEAK = YES;
				CLANG_WARN_BLOCK_CAPTURE_AUTORELEASING = YES;
				CLANG_WARN_BOOL_CONVERSION = YES;
				CLANG_WARN_COMMA = YES;
				CLANG_WARN_CONSTANT_CONVERSION = YES;
				CLANG_WARN_DEPRECATED_OBJC_IMPLEMENTATIONS = YES;
				CLANG_WARN_DIRECT_OBJC_ISA_USAGE = YES_ERROR;
				CLANG_WARN_DOCUMENTATION_COMMENTS = YES;
				CLANG_WARN_EMPTY_BODY = YES;
				CLANG_WARN_ENUM_CONVERSION = YES;
				CLANG_WARN_INFINITE_RECURSION = YES;
				CLANG_WARN_INT_CONVERSION = YES;
				CLANG_WARN_NON_LITERAL_NULL_CONVERSION = YES;
				CLANG_WARN_OBJC_IMPLICIT_RETAIN_SELF = YES;
				CLANG_WARN_OBJC_LITERAL_CONVERSION = YES;
				CLANG_WARN_OBJC_ROOT_CLASS = YES_ERROR;
				CLANG_WARN_QUOTED_INCLUDE_IN_FRAMEWORK_HEADER = YES;
				CLANG_WARN_RANGE_LOOP_ANALYSIS = YES;
				CLANG_WARN_STRICT_PROTOTYPES = YES;
				CLANG_WARN_SUSPICIOUS_MOVE = YES;
				CLANG_WARN_UNGUARDED_AVAILABILITY = YES_AGGRESSIVE;
				CLANG_WARN_UNREACHABLE_CODE = YES;
				CLANG_WARN__DUPLICATE_METHOD_MATCH = YES;
				COPY_PHASE_STRIP = NO;
				DEBUG_INFORMATION_FORMAT = "dwarf-with-dsym";
				ENABLE_NS_ASSERTIONS = NO;
				ENABLE_STRICT_OBJC_MSGSEND = YES;
				GCC_C_LANGUAGE_STANDARD = gnu11;
				GCC_NO_COMMON_BLOCKS = YES;
				GCC_WARN_64_TO_32_BIT_CONVERSION = YES;
				GCC_WARN_ABOUT_RETURN_TYPE = YES_ERROR;
				GCC_WARN_UNDECLARED_SELECTOR = YES;
				GCC_WARN_UNINITIALIZED_AUTOS = YES_AGGRESSIVE;
				GCC_WARN_UNUSED_FUNCTION = YES;
				GCC_WARN_UNUSED_VARIABLE = YES;
				IPHONEOS_DEPLOYMENT_TARGET = 16.2;
				MTL_ENABLE_DEBUG_INFO = NO;
				MTL_FAST_MATH = YES;
				SDKROOT = iphoneos;
				SWIFT_COMPILATION_MODE = wholemodule;
				SWIFT_OPTIMIZATION_LEVEL = "-O";
				VALIDATE_PRODUCT = YES;
			};
			name = Release;
		};
		DC5029FC29DC9EE400A2E762 /* Debug */ = {
			isa = XCBuildConfiguration;
			buildSettings = {
				ASSETCATALOG_COMPILER_APPICON_NAME = AppIcon;
				ASSETCATALOG_COMPILER_GLOBAL_ACCENT_COLOR_NAME = AccentColor;
				CODE_SIGN_STYLE = Automatic;
				CURRENT_PROJECT_VERSION = 1;
				DEVELOPMENT_ASSET_PATHS = "\"Sabbath/Preview Content\"";
				DEVELOPMENT_TEAM = UK5V25D9XV;
				ENABLE_PREVIEWS = YES;
				GENERATE_INFOPLIST_FILE = YES;
				INFOPLIST_FILE = Sabbath/Info.plist;
				INFOPLIST_KEY_CFBundleDisplayName = Sabbath;
				INFOPLIST_KEY_NSLocationAlwaysAndWhenInUseUsageDescription = "This app may require access to the device's location";
				INFOPLIST_KEY_NSLocationWhenInUseUsageDescription = "This app may require access to the device's location";
				INFOPLIST_KEY_UIApplicationSupportsIndirectInputEvents = YES;
				INFOPLIST_KEY_UISupportedInterfaceOrientations_iPad = "UIInterfaceOrientationPortrait UIInterfaceOrientationPortraitUpsideDown UIInterfaceOrientationLandscapeLeft UIInterfaceOrientationLandscapeRight";
				INFOPLIST_KEY_UISupportedInterfaceOrientations_iPhone = "UIInterfaceOrientationPortrait UIInterfaceOrientationLandscapeLeft UIInterfaceOrientationLandscapeRight";
				LD_RUNPATH_SEARCH_PATHS = (
					"$(inherited)",
					"@executable_path/Frameworks",
				);
				MARKETING_VERSION = 1.0;
				PRODUCT_BUNDLE_IDENTIFIER = com.tang.Sabbath;
				PRODUCT_NAME = "$(TARGET_NAME)";
				SWIFT_EMIT_LOC_STRINGS = YES;
				SWIFT_VERSION = 5.0;
				TARGETED_DEVICE_FAMILY = "1,2";
			};
			name = Debug;
		};
		DC5029FD29DC9EE400A2E762 /* Release */ = {
			isa = XCBuildConfiguration;
			buildSettings = {
				ASSETCATALOG_COMPILER_APPICON_NAME = AppIcon;
				ASSETCATALOG_COMPILER_GLOBAL_ACCENT_COLOR_NAME = AccentColor;
				CODE_SIGN_STYLE = Automatic;
				CURRENT_PROJECT_VERSION = 1;
				DEVELOPMENT_ASSET_PATHS = "\"Sabbath/Preview Content\"";
				DEVELOPMENT_TEAM = UK5V25D9XV;
				ENABLE_PREVIEWS = YES;
				GENERATE_INFOPLIST_FILE = YES;
				INFOPLIST_FILE = Sabbath/Info.plist;
				INFOPLIST_KEY_CFBundleDisplayName = Sabbath;
				INFOPLIST_KEY_NSLocationAlwaysAndWhenInUseUsageDescription = "This app may require access to the device's location";
				INFOPLIST_KEY_NSLocationWhenInUseUsageDescription = "This app may require access to the device's location";
				INFOPLIST_KEY_UIApplicationSupportsIndirectInputEvents = YES;
				INFOPLIST_KEY_UISupportedInterfaceOrientations_iPad = "UIInterfaceOrientationPortrait UIInterfaceOrientationPortraitUpsideDown UIInterfaceOrientationLandscapeLeft UIInterfaceOrientationLandscapeRight";
				INFOPLIST_KEY_UISupportedInterfaceOrientations_iPhone = "UIInterfaceOrientationPortrait UIInterfaceOrientationLandscapeLeft UIInterfaceOrientationLandscapeRight";
				LD_RUNPATH_SEARCH_PATHS = (
					"$(inherited)",
					"@executable_path/Frameworks",
				);
				MARKETING_VERSION = 1.0;
				PRODUCT_BUNDLE_IDENTIFIER = com.tang.Sabbath;
				PRODUCT_NAME = "$(TARGET_NAME)";
				SWIFT_EMIT_LOC_STRINGS = YES;
				SWIFT_VERSION = 5.0;
				TARGETED_DEVICE_FAMILY = "1,2";
			};
			name = Release;
		};
/* End XCBuildConfiguration section */

/* Begin XCConfigurationList section */
		DC5029E829DC9EDB00A2E762 /* Build configuration list for PBXProject "Sabbath" */ = {
			isa = XCConfigurationList;
			buildConfigurations = (
				DC5029F929DC9EE400A2E762 /* Debug */,
				DC5029FA29DC9EE400A2E762 /* Release */,
			);
			defaultConfigurationIsVisible = 0;
			defaultConfigurationName = Release;
		};
		DC5029FB29DC9EE400A2E762 /* Build configuration list for PBXNativeTarget "Sabbath" */ = {
			isa = XCConfigurationList;
			buildConfigurations = (
				DC5029FC29DC9EE400A2E762 /* Debug */,
				DC5029FD29DC9EE400A2E762 /* Release */,
			);
			defaultConfigurationIsVisible = 0;
			defaultConfigurationName = Release;
		};
/* End XCConfigurationList section */

/* Begin XCRemoteSwiftPackageReference section */
		DC502A0029DCA09900A2E762 /* XCRemoteSwiftPackageReference "firebase-ios-sdk" */ = {
			isa = XCRemoteSwiftPackageReference;
			repositoryURL = "https://github.com/firebase/firebase-ios-sdk.git";
			requirement = {
				branch = master;
				kind = branch;
			};
		};
/* End XCRemoteSwiftPackageReference section */

/* Begin XCSwiftPackageProductDependency section */
		DC502A0129DCA09A00A2E762 /* FirebaseAuth */ = {
			isa = XCSwiftPackageProductDependency;
			package = DC502A0029DCA09900A2E762 /* XCRemoteSwiftPackageReference "firebase-ios-sdk" */;
			productName = FirebaseAuth;
		};
		DC502A0329DCA09A00A2E762 /* FirebaseFirestore */ = {
			isa = XCSwiftPackageProductDependency;
			package = DC502A0029DCA09900A2E762 /* XCRemoteSwiftPackageReference "firebase-ios-sdk" */;
			productName = FirebaseFirestore;
		};
		DC502A0529DCA09A00A2E762 /* FirebaseFirestoreSwift */ = {
			isa = XCSwiftPackageProductDependency;
			package = DC502A0029DCA09900A2E762 /* XCRemoteSwiftPackageReference "firebase-ios-sdk" */;
			productName = FirebaseFirestoreSwift;
		};
		DC502A0729DCA09A00A2E762 /* FirebaseStorage */ = {
			isa = XCSwiftPackageProductDependency;
			package = DC502A0029DCA09900A2E762 /* XCRemoteSwiftPackageReference "firebase-ios-sdk" */;
			productName = FirebaseStorage;
		};
/* End XCSwiftPackageProductDependency section */
	};
	rootObject = DC5029E529DC9EDB00A2E762 /* Project object */;
}
